
Microsoft Visual Studio Solution File, Format Version 12.00
# Visual Studio 15
VisualStudioVersion = 15.0.27130.2010
MinimumVisualStudioVersion = 10.0.40219.1
Project("{FAE04EC0-301F-11D3-BF4B-00C04F79EFBC}") = "3course_kp", "3course_kp\3course_kp.csproj", "{A13F9D61-A17B-41D2-8D5F-E63886BF633F}"
EndProject
Global
	GlobalSection(SolutionConfigurationPlatforms) = preSolution
		Debug|Any CPU = Debug|Any CPU
		Release|Any CPU = Release|Any CPU
	EndGlobalSection
	GlobalSection(ProjectConfigurationPlatforms) = postSolution
		{A13F9D61-A17B-41D2-8D5F-E63886BF633F}.Debug|Any CPU.ActiveCfg = Debug|Any CPU
		{A13F9D61-A17B-41D2-8D5F-E63886BF633F}.Debug|Any CPU.Build.0 = Debug|Any CPU
		{A13F9D61-A17B-41D2-8D5F-E63886BF633F}.Release|Any CPU.ActiveCfg = Release|Any CPU
		{A13F9D61-A17B-41D2-8D5F-E63886BF633F}.Release|Any CPU.Build.0 = Release|Any CPU
	EndGlobalSection
	GlobalSection(SolutionProperties) = preSolution
		HideSolutionNode = FALSE
	EndGlobalSection
	GlobalSection(ExtensibilityGlobals) = postSolution
		SolutionGuid = {F7864963-547B-4213-A5F4-4E163DB0A05B}
	EndGlobalSection
EndGlobal
